affine==3.0.1
attrs==26.1.0
beautifulsoup4==4.15.0
certifi==2026.7.22
charset-normalizer==3.5.1
click==8.5.0
cloudpickle==3.1.2
contourpy==1.4.0
cycler==0.12.1
duckdb==1.5.6
et_xmlfile==2.0.0
fonttools==4.66.0
geopandas==1.1.4
h3==4.5.0
idna==3.20
iniconfig==2.3.0
Jinja2==3.1.6
joblib==1.6.0
kiwisolver==1.5.1
libpysal==4.15.0
MarkupSafe==3.0.3
matplotlib==3.10.9
networkx==3.7
numpy==2.3.5
openpyxl==3.1.5
packaging==26.3
pandas==2.3.3
pillow==12.3.0
platformdirs==4.12.1
pluggy==1.6.0
pyarrow==22.0.0
Pygments==2.21.0
pyogrio==0.13.0
pyparsing==3.3.3
pyproj==3.7.2
pytest==8.4.2
python-dateutil==2.9.0.post0
pytz==2026.4
PyYAML==6.0.3
rasterio==1.5.1
requests==2.34.2
ruff==0.16.9
scikit-learn==1.7.2
scipy==1.16.3
shapely==2.1.2
six==1.17.0
soupsieve==2.10
threadpoolctl==3.7.0
typing_extensions==4.16.0
tzdata==2026.4
urllib3==2.8.0
